<?xml version="1.0" encoding="utf-8"?>
<Project ToolsVersion="4.0" xmlns="http://schemas.microsoft.com/developer/msbuild/2003">
  <ItemGroup>
    <Filter Include="リソース ファイル">
      <UniqueIdentifier>{67DA6AB6-F800-4c08-8B7A-83BB121AAD01}</UniqueIdentifier>
      <Extensions>rc;ico;cur;bmp;dlg;rc2;rct;bin;rgs;gif;jpg;jpeg;jpe;resx;tiff;tif;png;wav;mfcribbon-ms</Extensions>
    </Filter>
    <Filter Include="src">
      <UniqueIdentifier>{63b5822c-d60c-48e6-8c19-e5df35c4a94d}</UniqueIdentifier>
    </Filter>
    <Filter Include="src\Geometry">
      <UniqueIdentifier>{c30b312e-4722-4227-8df0-4e4de0348bd1}</UniqueIdentifier>
    </Filter>
  </ItemGroup>
  <ItemGroup>
    <ClInclude Include="src\Geometry\Vector2.h">
      <Filter>src\Geometry</Filter>
    </ClInclude>
    <ClInclude Include="src\Geometry\Shape.h">
      <Filter>src\Geometry</Filter>
    </ClInclude>
    <ClInclude Include="src\Geometry\Circle.h">
      <Filter>src\Geometry</Filter>
    </ClInclude>
  </ItemGroup>
  <ItemGroup>
    <ClCompile Include="src\main.cpp">
      <Filter>src</Filter>
    </ClCompile>
    <ClCompile Include="src\Geometry\Shape.cpp">
      <Filter>src\Geometry</Filter>
    </ClCompile>
    <ClCompile Include="src\Geometry\Vector2.cpp">
      <Filter>src\Geometry</Filter>
    </ClCompile>
    <ClCompile Include="src\Geometry\Circle.cpp">
      <Filter>src\Geometry</Filter>
    </ClCompile>
  </ItemGroup>
</Project>