<?xml version="1.0" encoding="utf-8"?>
<Project ToolsVersion="4.0" xmlns="http://schemas.microsoft.com/developer/msbuild/2003">
  <ItemGroup>
    <ClCompile Include="src\Geometry\Circle.cpp">
      <Filter>src\Geometry</Filter>
    </ClCompile>
    <ClCompile Include="src\main.cpp">
      <Filter>src</Filter>
    </ClCompile>
    <ClCompile Include="src\Input\Mouse.cpp">
      <Filter>src\Input</Filter>
    </ClCompile>
    <ClCompile Include="src\Geometry\Shape.cpp">
      <Filter>src\Geometry</Filter>
    </ClCompile>
    <ClCompile Include="src\Geometry\Vector2.cpp">
      <Filter>src\Geometry</Filter>
    </ClCompile>
    <ClCompile Include="src\Geometry\Edge.cpp">
      <Filter>src\Geometry</Filter>
    </ClCompile>
    <ClCompile Include="src\Geometry\Params.cpp">
      <Filter>src\Geometry</Filter>
    </ClCompile>
  </ItemGroup>
  <ItemGroup>
    <ClInclude Include="src\Geometry\Circle.h">
      <Filter>src\Geometry</Filter>
    </ClInclude>
    <ClInclude Include="src\Input\Mouse.h">
      <Filter>src\Input</Filter>
    </ClInclude>
    <ClInclude Include="src\Geometry\Shape.h">
      <Filter>src\Geometry</Filter>
    </ClInclude>
    <ClInclude Include="src\Geometry\Vector2.h">
      <Filter>src\Geometry</Filter>
    </ClInclude>
    <ClInclude Include="src\Geometry\Edge.h">
      <Filter>src\Geometry</Filter>
    </ClInclude>
    <ClInclude Include="src\Geometry\Params.h">
      <Filter>src\Geometry</Filter>
    </ClInclude>
  </ItemGroup>
  <ItemGroup>
    <Filter Include="src">
      <UniqueIdentifier>{c0b7dbc3-7ac1-4ea1-87ce-93545512275b}</UniqueIdentifier>
    </Filter>
    <Filter Include="src\Geometry">
      <UniqueIdentifier>{df4b1af0-d1be-4d3c-988c-caa42fa27e89}</UniqueIdentifier>
    </Filter>
    <Filter Include="src\Input">
      <UniqueIdentifier>{3d983f8f-55d9-4b5e-a329-37d08f9ee56e}</UniqueIdentifier>
    </Filter>
  </ItemGroup>
</Project>